
Microsoft Visual Studio Solution File, Format Version 12.00
# Visual Studio Version 16
VisualStudioVersion = 16.0.31205.134
MinimumVisualStudioVersion = 10.0.40219.1
Project("{9A19103F-16F7-4668-BE54-9A1E7A4F7556}") = "DotnetTemplate", "DotnetTemplate\DotnetTemplate.csproj", "{69954C25-2A36-449A-9345-61EEEB3D9B65}"
EndProject
Project("{9A19103F-16F7-4668-BE54-9A1E7A4F7556}") = "WebApiTemplate", "WebApiTemplate\WebApiTemplate.csproj", "{A6AC3E20-21BF-4079-9F04-3C904A6C4049}"
EndProject
Project("{9A19103F-16F7-4668-BE54-9A1E7A4F7556}") = "ConsoleAppTemplate", "ConsoleAppTemplate\ConsoleAppTemplate.csproj", "{895430BD-3130-45C4-BEC0-07894A073686}"
EndProject
Project("{9A19103F-16F7-4668-BE54-9A1E7A4F7556}") = "RabbitMqTemplate", "RabbitMqTemplate\RabbitMqTemplate.csproj", "{3034086A-27CE-40BE-A431-65F0081EA871}"
EndProject
Project("{9A19103F-16F7-4668-BE54-9A1E7A4F7556}") = "WebSocketTemplate", "WebSocketTemplate\WebSocketTemplate.csproj", "{195AAAD3-B76E-4831-ABD6-20EE11CDA45B}"
EndProject
Project("{FAE04EC0-301F-11D3-BF4B-00C04F79EFBC}") = "AsyncTcpServer", "AsyncTcpServer\AsyncTcpServer.csproj", "{A97C72B3-1C35-4695-B20D-9C9136AE6A21}"
EndProject
Global
	GlobalSection(SolutionConfigurationPlatforms) = preSolution
		Debug|Any CPU = Debug|Any CPU
		Release|Any CPU = Release|Any CPU
	EndGlobalSection
	GlobalSection(ProjectConfigurationPlatforms) = postSolution
		{69954C25-2A36-449A-9345-61EEEB3D9B65}.Debug|Any CPU.ActiveCfg = Debug|Any CPU
		{69954C25-2A36-449A-9345-61EEEB3D9B65}.Debug|Any CPU.Build.0 = Debug|Any CPU
		{69954C25-2A36-449A-9345-61EEEB3D9B65}.Release|Any CPU.ActiveCfg = Release|Any CPU
		{69954C25-2A36-449A-9345-61EEEB3D9B65}.Release|Any CPU.Build.0 = Release|Any CPU
		{A6AC3E20-21BF-4079-9F04-3C904A6C4049}.Debug|Any CPU.ActiveCfg = Debug|Any CPU
		{A6AC3E20-21BF-4079-9F04-3C904A6C4049}.Debug|Any CPU.Build.0 = Debug|Any CPU
		{A6AC3E20-21BF-4079-9F04-3C904A6C4049}.Release|Any CPU.ActiveCfg = Release|Any CPU
		{A6AC3E20-21BF-4079-9F04-3C904A6C4049}.Release|Any CPU.Build.0 = Release|Any CPU
		{895430BD-3130-45C4-BEC0-07894A073686}.Debug|Any CPU.ActiveCfg = Debug|Any CPU
		{895430BD-3130-45C4-BEC0-07894A073686}.Debug|Any CPU.Build.0 = Debug|Any CPU
		{895430BD-3130-45C4-BEC0-07894A073686}.Release|Any CPU.ActiveCfg = Release|Any CPU
		{895430BD-3130-45C4-BEC0-07894A073686}.Release|Any CPU.Build.0 = Release|Any CPU
		{3034086A-27CE-40BE-A431-65F0081EA871}.Debug|Any CPU.ActiveCfg = Debug|Any CPU
		{3034086A-27CE-40BE-A431-65F0081EA871}.Debug|Any CPU.Build.0 = Debug|Any CPU
		{3034086A-27CE-40BE-A431-65F0081EA871}.Release|Any CPU.ActiveCfg = Release|Any CPU
		{3034086A-27CE-40BE-A431-65F0081EA871}.Release|Any CPU.Build.0 = Release|Any CPU
		{195AAAD3-B76E-4831-ABD6-20EE11CDA45B}.Debug|Any CPU.ActiveCfg = Debug|Any CPU
		{195AAAD3-B76E-4831-ABD6-20EE11CDA45B}.Debug|Any CPU.Build.0 = Debug|Any CPU
		{195AAAD3-B76E-4831-ABD6-20EE11CDA45B}.Release|Any CPU.ActiveCfg = Release|Any CPU
		{195AAAD3-B76E-4831-ABD6-20EE11CDA45B}.Release|Any CPU.Build.0 = Release|Any CPU
		{A97C72B3-1C35-4695-B20D-9C9136AE6A21}.Debug|Any CPU.ActiveCfg = Debug|Any CPU
		{A97C72B3-1C35-4695-B20D-9C9136AE6A21}.Debug|Any CPU.Build.0 = Debug|Any CPU
		{A97C72B3-1C35-4695-B20D-9C9136AE6A21}.Release|Any CPU.ActiveCfg = Release|Any CPU
		{A97C72B3-1C35-4695-B20D-9C9136AE6A21}.Release|Any CPU.Build.0 = Release|Any CPU
	EndGlobalSection
	GlobalSection(SolutionProperties) = preSolution
		HideSolutionNode = FALSE
	EndGlobalSection
	GlobalSection(ExtensibilityGlobals) = postSolution
		SolutionGuid = {8E17B09F-19A5-462A-866B-98D6C3387BBD}
	EndGlobalSection
EndGlobal
